
Microsoft Visual Studio Solution File, Format Version 12.00
# Visual Studio 15
VisualStudioVersion = 15.0.27428.2027
MinimumVisualStudioVersion = 10.0.40219.1
Project("{9A19103F-16F7-4668-BE54-9A1E7A4F7556}") = "TuanZi", "TuanZi\TuanZi.csproj", "{C0848D14-B576-45B6-AAEA-EE78DFF41A70}"
EndProject
Project("{9A19103F-16F7-4668-BE54-9A1E7A4F7556}") = "TuanZi.AspNetCore", "TuanZi.AspNetCore\TuanZi.AspNetCore.csproj", "{7A73AEFE-A198-44E7-9632-D261A88F1AF3}"
EndProject
Project("{9A19103F-16F7-4668-BE54-9A1E7A4F7556}") = "TuanZi.AutoMapper", "TuanZi.AutoMapper\TuanZi.AutoMapper.csproj", "{CE2533CA-A183-4C0E-8949-015586B8823F}"
EndProject
Project("{9A19103F-16F7-4668-BE54-9A1E7A4F7556}") = "TuanZi.Entity", "TuanZi.Entity\TuanZi.Entity.csproj", "{4889C190-9364-43F9-BDD3-794727CD4714}"
EndProject
Project("{9A19103F-16F7-4668-BE54-9A1E7A4F7556}") = "TuanZi.Entity.MySql", "TuanZi.Entity.MySql\TuanZi.Entity.MySql.csproj", "{43DD5D01-F710-4E13-9DD1-688CF0410550}"
EndProject
Project("{9A19103F-16F7-4668-BE54-9A1E7A4F7556}") = "TuanZi.Entity.SqlServer", "TuanZi.Entity.SqlServer\TuanZi.Entity.SqlServer.csproj", "{29C9C42E-F9D3-497B-8EB5-A3C3703572C6}"
EndProject
Project("{9A19103F-16F7-4668-BE54-9A1E7A4F7556}") = "TuanZi.Permissions", "TuanZi.Permissions\TuanZi.Permissions.csproj", "{34B35258-7C4F-4128-8C8E-53915A6AE77D}"
EndProject
Project("{2150E333-8FDC-42A3-9474-1A3956D46DE8}") = "Sample", "Sample", "{1DA81505-58F4-4F34-8A99-6C0EDF73DE6A}"
EndProject
Project("{9A19103F-16F7-4668-BE54-9A1E7A4F7556}") = "Demo", "Sample\Demo\Demo.csproj", "{CD444E35-4E72-46AD-828D-2A0BFD18EE24}"
EndProject
Project("{9A19103F-16F7-4668-BE54-9A1E7A4F7556}") = "Demo.Web", "Sample\Demo.Web\Demo.Web.csproj", "{49803271-912A-4E82-990F-C358E94E3B10}"
EndProject
Project("{9A19103F-16F7-4668-BE54-9A1E7A4F7556}") = "WebApplication1", "WebApplication1\WebApplication1.csproj", "{7D4B9D0A-559D-42D8-AE48-570FB4B275F0}"
EndProject
Project("{FAE04EC0-301F-11D3-BF4B-00C04F79EFBC}") = "TuanZi.Asp", "TuanZi.Asp\TuanZi.Asp.csproj", "{F4925B74-0904-4B5F-99C2-9A6E385D9A27}"
EndProject
Project("{9A19103F-16F7-4668-BE54-9A1E7A4F7556}") = "TuanZi.Web", "TuanZi.Web\TuanZi.Web.csproj", "{E6F55513-C283-4359-AB03-6F11D5EB7145}"
EndProject
Project("{FAE04EC0-301F-11D3-BF4B-00C04F79EFBC}") = "TuanZi.Payment.PayPal", "TuanZi.Payment.PayPal\TuanZi.Payment.PayPal.csproj", "{1D2F5315-76D7-4E0E-A824-19DF8DEC8316}"
EndProject
Global
	GlobalSection(SolutionConfigurationPlatforms) = preSolution
		Debug|Any CPU = Debug|Any CPU
		Release|Any CPU = Release|Any CPU
	EndGlobalSection
	GlobalSection(ProjectConfigurationPlatforms) = postSolution
		{C0848D14-B576-45B6-AAEA-EE78DFF41A70}.Debug|Any CPU.ActiveCfg = Debug|Any CPU
		{C0848D14-B576-45B6-AAEA-EE78DFF41A70}.Debug|Any CPU.Build.0 = Debug|Any CPU
		{C0848D14-B576-45B6-AAEA-EE78DFF41A70}.Release|Any CPU.ActiveCfg = Release|Any CPU
		{C0848D14-B576-45B6-AAEA-EE78DFF41A70}.Release|Any CPU.Build.0 = Release|Any CPU
		{7A73AEFE-A198-44E7-9632-D261A88F1AF3}.Debug|Any CPU.ActiveCfg = Debug|Any CPU
		{7A73AEFE-A198-44E7-9632-D261A88F1AF3}.Debug|Any CPU.Build.0 = Debug|Any CPU
		{7A73AEFE-A198-44E7-9632-D261A88F1AF3}.Release|Any CPU.ActiveCfg = Release|Any CPU
		{7A73AEFE-A198-44E7-9632-D261A88F1AF3}.Release|Any CPU.Build.0 = Release|Any CPU
		{CE2533CA-A183-4C0E-8949-015586B8823F}.Debug|Any CPU.ActiveCfg = Debug|Any CPU
		{CE2533CA-A183-4C0E-8949-015586B8823F}.Debug|Any CPU.Build.0 = Debug|Any CPU
		{CE2533CA-A183-4C0E-8949-015586B8823F}.Release|Any CPU.ActiveCfg = Release|Any CPU
		{CE2533CA-A183-4C0E-8949-015586B8823F}.Release|Any CPU.Build.0 = Release|Any CPU
		{4889C190-9364-43F9-BDD3-794727CD4714}.Debug|Any CPU.ActiveCfg = Debug|Any CPU
		{4889C190-9364-43F9-BDD3-794727CD4714}.Debug|Any CPU.Build.0 = Debug|Any CPU
		{4889C190-9364-43F9-BDD3-794727CD4714}.Release|Any CPU.ActiveCfg = Release|Any CPU
		{4889C190-9364-43F9-BDD3-794727CD4714}.Release|Any CPU.Build.0 = Release|Any CPU
		{43DD5D01-F710-4E13-9DD1-688CF0410550}.Debug|Any CPU.ActiveCfg = Debug|Any CPU
		{43DD5D01-F710-4E13-9DD1-688CF0410550}.Debug|Any CPU.Build.0 = Debug|Any CPU
		{43DD5D01-F710-4E13-9DD1-688CF0410550}.Release|Any CPU.ActiveCfg = Release|Any CPU
		{43DD5D01-F710-4E13-9DD1-688CF0410550}.Release|Any CPU.Build.0 = Release|Any CPU
		{29C9C42E-F9D3-497B-8EB5-A3C3703572C6}.Debug|Any CPU.ActiveCfg = Debug|Any CPU
		{29C9C42E-F9D3-497B-8EB5-A3C3703572C6}.Debug|Any CPU.Build.0 = Debug|Any CPU
		{29C9C42E-F9D3-497B-8EB5-A3C3703572C6}.Release|Any CPU.ActiveCfg = Release|Any CPU
		{29C9C42E-F9D3-497B-8EB5-A3C3703572C6}.Release|Any CPU.Build.0 = Release|Any CPU
		{34B35258-7C4F-4128-8C8E-53915A6AE77D}.Debug|Any CPU.ActiveCfg = Debug|Any CPU
		{34B35258-7C4F-4128-8C8E-53915A6AE77D}.Debug|Any CPU.Build.0 = Debug|Any CPU
		{34B35258-7C4F-4128-8C8E-53915A6AE77D}.Release|Any CPU.ActiveCfg = Release|Any CPU
		{34B35258-7C4F-4128-8C8E-53915A6AE77D}.Release|Any CPU.Build.0 = Release|Any CPU
		{CD444E35-4E72-46AD-828D-2A0BFD18EE24}.Debug|Any CPU.ActiveCfg = Debug|Any CPU
		{CD444E35-4E72-46AD-828D-2A0BFD18EE24}.Debug|Any CPU.Build.0 = Debug|Any CPU
		{CD444E35-4E72-46AD-828D-2A0BFD18EE24}.Release|Any CPU.ActiveCfg = Release|Any CPU
		{CD444E35-4E72-46AD-828D-2A0BFD18EE24}.Release|Any CPU.Build.0 = Release|Any CPU
		{49803271-912A-4E82-990F-C358E94E3B10}.Debug|Any CPU.ActiveCfg = Debug|Any CPU
		{49803271-912A-4E82-990F-C358E94E3B10}.Debug|Any CPU.Build.0 = Debug|Any CPU
		{49803271-912A-4E82-990F-C358E94E3B10}.Release|Any CPU.ActiveCfg = Release|Any CPU
		{49803271-912A-4E82-990F-C358E94E3B10}.Release|Any CPU.Build.0 = Release|Any CPU
		{7D4B9D0A-559D-42D8-AE48-570FB4B275F0}.Debug|Any CPU.ActiveCfg = Debug|Any CPU
		{7D4B9D0A-559D-42D8-AE48-570FB4B275F0}.Debug|Any CPU.Build.0 = Debug|Any CPU
		{7D4B9D0A-559D-42D8-AE48-570FB4B275F0}.Release|Any CPU.ActiveCfg = Release|Any CPU
		{7D4B9D0A-559D-42D8-AE48-570FB4B275F0}.Release|Any CPU.Build.0 = Release|Any CPU
		{F4925B74-0904-4B5F-99C2-9A6E385D9A27}.Debug|Any CPU.ActiveCfg = Debug|Any CPU
		{F4925B74-0904-4B5F-99C2-9A6E385D9A27}.Debug|Any CPU.Build.0 = Debug|Any CPU
		{F4925B74-0904-4B5F-99C2-9A6E385D9A27}.Release|Any CPU.ActiveCfg = Release|Any CPU
		{F4925B74-0904-4B5F-99C2-9A6E385D9A27}.Release|Any CPU.Build.0 = Release|Any CPU
		{E6F55513-C283-4359-AB03-6F11D5EB7145}.Debug|Any CPU.ActiveCfg = Debug|Any CPU
		{E6F55513-C283-4359-AB03-6F11D5EB7145}.Debug|Any CPU.Build.0 = Debug|Any CPU
		{E6F55513-C283-4359-AB03-6F11D5EB7145}.Release|Any CPU.ActiveCfg = Release|Any CPU
		{E6F55513-C283-4359-AB03-6F11D5EB7145}.Release|Any CPU.Build.0 = Release|Any CPU
		{1D2F5315-76D7-4E0E-A824-19DF8DEC8316}.Debug|Any CPU.ActiveCfg = Debug|Any CPU
		{1D2F5315-76D7-4E0E-A824-19DF8DEC8316}.Debug|Any CPU.Build.0 = Debug|Any CPU
		{1D2F5315-76D7-4E0E-A824-19DF8DEC8316}.Release|Any CPU.ActiveCfg = Release|Any CPU
		{1D2F5315-76D7-4E0E-A824-19DF8DEC8316}.Release|Any CPU.Build.0 = Release|Any CPU
	EndGlobalSection
	GlobalSection(SolutionProperties) = preSolution
		HideSolutionNode = FALSE
	EndGlobalSection
	GlobalSection(NestedProjects) = preSolution
		{CD444E35-4E72-46AD-828D-2A0BFD18EE24} = {1DA81505-58F4-4F34-8A99-6C0EDF73DE6A}
		{49803271-912A-4E82-990F-C358E94E3B10} = {1DA81505-58F4-4F34-8A99-6C0EDF73DE6A}
		{7D4B9D0A-559D-42D8-AE48-570FB4B275F0} = {1DA81505-58F4-4F34-8A99-6C0EDF73DE6A}
	EndGlobalSection
	GlobalSection(ExtensibilityGlobals) = postSolution
		SolutionGuid = {BA0D008D-6F5B-4A40-AC28-D6E2A86AB7F3}
	EndGlobalSection
EndGlobal
